
Microsoft Visual Studio Solution File, Format Version 12.00
# Visual Studio Version 17
VisualStudioVersion = 17.8.34525.116
MinimumVisualStudioVersion = 10.0.40219.1
Project("{9A19103F-16F7-4668-BE54-9A1E7A4F7556}") = "WebTest", "WebTest\WebTest.csproj", "{257AA065-4CA3-4CAE-833A-D5270F24A736}"
EndProject
Project("{FAE04EC0-301F-11D3-BF4B-00C04F79EFBC}") = "WebTest.Tests", "WebTest.Tests\WebTest.Tests.csproj", "{64383E4B-ECCC-45A9-9B0D-0B8FBA1C91BB}"
EndProject
Global
	GlobalSection(SolutionConfigurationPlatforms) = preSolution
		Debug|Any CPU = Debug|Any CPU
		Release|Any CPU = Release|Any CPU
	EndGlobalSection
	GlobalSection(ProjectConfigurationPlatforms) = postSolution
		{257AA065-4CA3-4CAE-833A-D5270F24A736}.Debug|Any CPU.ActiveCfg = Debug|Any CPU
		{257AA065-4CA3-4CAE-833A-D5270F24A736}.Debug|Any CPU.Build.0 = Debug|Any CPU
		{257AA065-4CA3-4CAE-833A-D5270F24A736}.Release|Any CPU.ActiveCfg = Release|Any CPU
		{257AA065-4CA3-4CAE-833A-D5270F24A736}.Release|Any CPU.Build.0 = Release|Any CPU
		{64383E4B-ECCC-45A9-9B0D-0B8FBA1C91BB}.Debug|Any CPU.ActiveCfg = Debug|Any CPU
		{64383E4B-ECCC-45A9-9B0D-0B8FBA1C91BB}.Debug|Any CPU.Build.0 = Debug|Any CPU
		{64383E4B-ECCC-45A9-9B0D-0B8FBA1C91BB}.Release|Any CPU.ActiveCfg = Release|Any CPU
		{64383E4B-ECCC-45A9-9B0D-0B8FBA1C91BB}.Release|Any CPU.Build.0 = Release|Any CPU
	EndGlobalSection
	GlobalSection(SolutionProperties) = preSolution
		HideSolutionNode = FALSE
	EndGlobalSection
	GlobalSection(ExtensibilityGlobals) = postSolution
		SolutionGuid = {FBC2E982-8156-4B2B-8DD7-2D13F2365F51}
	EndGlobalSection
EndGlobal
